# nsx.lock — generated by `nsx lock`. Do not edit by hand.
# Commit this file to record the resolved module set for this app.
schema_version: 4
targets:
  apollo510_evb:
    generated_at: '2026-09-16T09:16:27+00:00'
    nsx_tool:
      version: 0.1.6
    manifest:
      path: nsx.yml
      hash: sha256:65eaebe0ab1333fc12a14f0c746eb1b95b1f061a41f7c81d957856ef74566621
    target:
      board: apollo510_evb
      soc: apollo510
      toolchain: arm-none-eabi-gcc
    modules:
      nsx-ambiqsuite:
        project: nsx-ambiq-sdk
        kind: git
        constraint: a9f4ec25a162f6f3700623feb691423bb5a51132
        resolved:
          url: https://github.com/AmbiqAI/nsx-ambiq-sdk.git
          commit: a9f4ec25a162f6f3700623feb691423bb5a51132
          vendored_at: modules/nsx-ambiq-sdk
          content_hash: sha256:4ca0d4e197abbb9a0165baebb6b7832d24b6fd23f1a47e424e9f5a01fbd459c6
          acquired_at: '2026-09-16T09:16:31+00:00'
      nsx-cmsis-core:
        project: nsx-ambiq-sdk
        kind: git
        constraint: a9f4ec25a162f6f3700623feb691423bb5a51132
        resolved:
          url: https://github.com/AmbiqAI/nsx-ambiq-sdk.git
          commit: a9f4ec25a162f6f3700623feb691423bb5a51132
          vendored_at: modules/nsx-ambiq-sdk
          content_hash: sha256:4ca0d4e197abbb9a0165baebb6b7832d24b6fd23f1a47e424e9f5a01fbd459c6
          acquired_at: '2026-09-16T09:16:31+00:00'
      nsx-ambiq-hal:
        project: nsx-ambiq-sdk
        kind: git
        constraint: a9f4ec25a162f6f3700623feb691423bb5a51132
        resolved:
          url: https://github.com/AmbiqAI/nsx-ambiq-sdk.git
          commit: a9f4ec25a162f6f3700623feb691423bb5a51132
          vendored_at: modules/nsx-ambiq-sdk
          content_hash: sha256:4ca0d4e197abbb9a0165baebb6b7832d24b6fd23f1a47e424e9f5a01fbd459c6
          acquired_at: '2026-09-16T09:16:31+00:00'
      nsx-ambiq-bsp:
        project: nsx-ambiq-sdk
        kind: git
        constraint: a9f4ec25a162f6f3700623feb691423bb5a51132
        resolved:
          url: https://github.com/AmbiqAI/nsx-ambiq-sdk.git
          commit: a9f4ec25a162f6f3700623feb691423bb5a51132
          vendored_at: modules/nsx-ambiq-sdk
          content_hash: sha256:4ca0d4e197abbb9a0165baebb6b7832d24b6fd23f1a47e424e9f5a01fbd459c6
          acquired_at: '2026-09-16T09:16:31+00:00'
      nsx-soc-hal:
        project: nsx-ambiq-sdk
        kind: git
        constraint: a9f4ec25a162f6f3700623feb691423bb5a51132
        resolved:
          url: https://github.com/AmbiqAI/nsx-ambiq-sdk.git
          commit: a9f4ec25a162f6f3700623feb691423bb5a51132
          vendored_at: modules/nsx-ambiq-sdk
          content_hash: sha256:4ca0d4e197abbb9a0165baebb6b7832d24b6fd23f1a47e424e9f5a01fbd459c6
          acquired_at: '2026-09-16T09:16:31+00:00'
      nsx-cmsis-startup:
        project: nsx-ambiq-sdk
        kind: git
        constraint: a9f4ec25a162f6f3700623feb691423bb5a51132
        resolved:
          url: https://github.com/AmbiqAI/nsx-ambiq-sdk.git
          commit: a9f4ec25a162f6f3700623feb691423bb5a51132
          vendored_at: modules/nsx-ambiq-sdk
          content_hash: sha256:4ca0d4e197abbb9a0165baebb6b7832d24b6fd23f1a47e424e9f5a01fbd459c6
          acquired_at: '2026-09-16T09:16:31+00:00'
      nsx-board-apollo510-evb:
        project: neuralspotx
        kind: packaged
        constraint: packaged
        resolved:
          tool_version: 0.1.6
          vendored_at: boards/apollo510_evb
          content_hash: sha256:2ebb8c832db7c052dc4236004f4f4e106e15b4747bfde16fc22474a1cd9b34bb
          acquired_at: '2026-09-16T09:16:31+00:00'
      nsx-core:
        project: nsx-ambiq-sdk
        kind: git
        constraint: a9f4ec25a162f6f3700623feb691423bb5a51132
        resolved:
          url: https://github.com/AmbiqAI/nsx-ambiq-sdk.git
          commit: a9f4ec25a162f6f3700623feb691423bb5a51132
          vendored_at: modules/nsx-ambiq-sdk
          content_hash: sha256:4ca0d4e197abbb9a0165baebb6b7832d24b6fd23f1a47e424e9f5a01fbd459c6
          acquired_at: '2026-09-16T09:16:31+00:00'
      nsx-pmu-armv8m:
        project: nsx-pmu-armv8m
        kind: git
        constraint: 5725c065a0c3603132f1064ee2684d1fa8587c88
        resolved:
          url: https://github.com/AmbiqAI/nsx-pmu-armv8m.git
          commit: 5725c065a0c3603132f1064ee2684d1fa8587c88
          vendored_at: modules/nsx-pmu-armv8m
          content_hash: sha256:cbecc30022858bc177555bf2389fdf0e8c4c3f59f11c07265d2f461d53ca848b
          acquired_at: '2026-09-16T09:16:31+00:00'
      nsx-tooling:
        project: neuralspotx
        kind: packaged
        constraint: packaged
        resolved:
          tool_version: 0.1.6
          vendored_at: cmake/nsx
          content_hash: sha256:04de1c1329109e872fea5c65ce36e8ccec02fb2492eb5450a341b0c488d96528
          acquired_at: '2026-09-16T09:16:31+00:00'
      nsx-cmsis-nn:
        project: ns-cmsis-nn
        kind: git
        constraint: aaeb145a67c3decd9869f96474e36e7dbdc2030c
        resolved:
          url: https://github.com/AmbiqAI/ns-cmsis-nn.git
          commit: aaeb145a67c3decd9869f96474e36e7dbdc2030c
          vendored_at: modules/ns-cmsis-nn
          content_hash: sha256:a02935baf255b4bd2c03cab27a58f289155d0972103413f274e23c687261ac10
          acquired_at: '2026-09-16T09:16:31+00:00'
      hpx_model:
        project: hpx_model
        kind: vendored
        constraint: vendored
        resolved:
          vendored_at: modules/hpx_model
          content_hash: sha256:84cf157326b37dc289bec240e19fb999448e72f932c804bc3aede41203e7b8bc
          acquired_at: '2026-09-16T09:16:31+00:00'
